// !$*UTF8*$!
{
	archiveVersion = 1;
	classes = {
	};
	objectVersion = 55;
	objects = {

/* Begin PBXBuildFile section */
		8B07E27C27541D3200808BF9 /* AppDelegate.swift in Sources */ = {isa = PBXBuildFile; fileRef = 8B07E27B27541D3200808BF9 /* AppDelegate.swift */; };
		8B07E28527541D3400808BF9 /* Assets.xcassets in Resources */ = {isa = PBXBuildFile; fileRef = 8B07E28427541D3400808BF9 /* Assets.xcassets */; };
		8B07E28827541D3400808BF9 /* LaunchScreen.storyboard in Resources */ = {isa = PBXBuildFile; fileRef = 8B07E28627541D3400808BF9 /* LaunchScreen.storyboard */; };
		8B07E29327541D3400808BF9 /* OrballoTests.swift in Sources */ = {isa = PBXBuildFile; fileRef = 8B07E29227541D3400808BF9 /* OrballoTests.swift */; };
		8B07E29D27541D3400808BF9 /* OrballoUITests.swift in Sources */ = {isa = PBXBuildFile; fileRef = 8B07E29C27541D3400808BF9 /* OrballoUITests.swift */; };
		8B07E29F27541D3400808BF9 /* OrballoUITestsLaunchTests.swift in Sources */ = {isa = PBXBuildFile; fileRef = 8B07E29E27541D3400808BF9 /* OrballoUITestsLaunchTests.swift */; };
		8B07E2B027541EE400808BF9 /* HomeViewController.swift in Sources */ = {isa = PBXBuildFile; fileRef = 8B07E2AE27541EE400808BF9 /* HomeViewController.swift */; };
		8B07E2B127541EE400808BF9 /* HomeViewController.xib in Resources */ = {isa = PBXBuildFile; fileRef = 8B07E2AF27541EE400808BF9 /* HomeViewController.xib */; };
		8B07E2B327541F4700808BF9 /* HomePresenter.swift in Sources */ = {isa = PBXBuildFile; fileRef = 8B07E2B227541F4700808BF9 /* HomePresenter.swift */; };
		8B07E2B527541FB700808BF9 /* HomeInteractor.swift in Sources */ = {isa = PBXBuildFile; fileRef = 8B07E2B427541FB700808BF9 /* HomeInteractor.swift */; };
		8B07E2B727541FD300808BF9 /* HomeRouter.swift in Sources */ = {isa = PBXBuildFile; fileRef = 8B07E2B627541FD300808BF9 /* HomeRouter.swift */; };
		8B07E2B92754200600808BF9 /* HomeBuilder.swift in Sources */ = {isa = PBXBuildFile; fileRef = 8B07E2B82754200600808BF9 /* HomeBuilder.swift */; };
		8B07E2BD2754212600808BF9 /* BaseViewController.swift in Sources */ = {isa = PBXBuildFile; fileRef = 8B07E2BC2754212600808BF9 /* BaseViewController.swift */; };
		8B07E2BF275421A800808BF9 /* HomeModels.swift in Sources */ = {isa = PBXBuildFile; fileRef = 8B07E2BE275421A800808BF9 /* HomeModels.swift */; };
		8B07E2C52754377D00808BF9 /* AddLocationTableViewCell.swift in Sources */ = {isa = PBXBuildFile; fileRef = 8B07E2C32754377D00808BF9 /* AddLocationTableViewCell.swift */; };
		8B07E2C62754377D00808BF9 /* AddLocationTableViewCell.xib in Resources */ = {isa = PBXBuildFile; fileRef = 8B07E2C42754377D00808BF9 /* AddLocationTableViewCell.xib */; };
		8B07E2C92754379600808BF9 /* LocationTableViewCell.swift in Sources */ = {isa = PBXBuildFile; fileRef = 8B07E2C72754379600808BF9 /* LocationTableViewCell.swift */; };
		8B07E2CA2754379600808BF9 /* LocationTableViewCell.xib in Resources */ = {isa = PBXBuildFile; fileRef = 8B07E2C82754379600808BF9 /* LocationTableViewCell.xib */; };
		8B2949D52759460900FDC625 /* Model.xcdatamodeld in Sources */ = {isa = PBXBuildFile; fileRef = 8B2949D32759460900FDC625 /* Model.xcdatamodeld */; };
		8B6342B9275D7B9F00889BAC /* AccuweatherService.swift in Sources */ = {isa = PBXBuildFile; fileRef = 8B6342B8275D7B9F00889BAC /* AccuweatherService.swift */; };
		8B6342BB275D7BAE00889BAC /* AccuweatherModels.swift in Sources */ = {isa = PBXBuildFile; fileRef = 8B6342BA275D7BAE00889BAC /* AccuweatherModels.swift */; };
		8B6342BE275D82C900889BAC /* Alamofire in Frameworks */ = {isa = PBXBuildFile; productRef = 8B6342BD275D82C900889BAC /* Alamofire */; };
		8B6342C0275D875800889BAC /* Settings.bundle in Resources */ = {isa = PBXBuildFile; fileRef = 8B6342BF275D875800889BAC /* Settings.bundle */; };
		8B6342C6275D89DE00889BAC /* Services-Info.plist in Resources */ = {isa = PBXBuildFile; fileRef = 8B6342C5275D89DE00889BAC /* Services-Info.plist */; };
		8B750BEC2757CCDD00907D3D /* LocationManager.swift in Sources */ = {isa = PBXBuildFile; fileRef = 8B750BEB2757CCDD00907D3D /* LocationManager.swift */; };
		8B837520275578250098D724 /* LocationBuilder.swift in Sources */ = {isa = PBXBuildFile; fileRef = 8B83751F275578250098D724 /* LocationBuilder.swift */; };
		8B837522275578EB0098D724 /* LocationRouter.swift in Sources */ = {isa = PBXBuildFile; fileRef = 8B837521275578EB0098D724 /* LocationRouter.swift */; };
		8B837525275579290098D724 /* LocationViewController.swift in Sources */ = {isa = PBXBuildFile; fileRef = 8B837523275579290098D724 /* LocationViewController.swift */; };
		8B837526275579290098D724 /* LocationViewController.xib in Resources */ = {isa = PBXBuildFile; fileRef = 8B837524275579290098D724 /* LocationViewController.xib */; };
		8B83752827557A360098D724 /* LocationPresenter.swift in Sources */ = {isa = PBXBuildFile; fileRef = 8B83752727557A360098D724 /* LocationPresenter.swift */; };
		8B83752A27557AAF0098D724 /* LocationInteractor.swift in Sources */ = {isa = PBXBuildFile; fileRef = 8B83752927557AAF0098D724 /* LocationInteractor.swift */; };
		8B83752C27557AE60098D724 /* LocationModels.swift in Sources */ = {isa = PBXBuildFile; fileRef = 8B83752B27557AE60098D724 /* LocationModels.swift */; };
		8BE6BEC22756A94F00C710EC /* SkyBuilder.swift in Sources */ = {isa = PBXBuildFile; fileRef = 8BE6BEC12756A94F00C710EC /* SkyBuilder.swift */; };
		8BE6BEC42756A98E00C710EC /* SkyRouter.swift in Sources */ = {isa = PBXBuildFile; fileRef = 8BE6BEC32756A98E00C710EC /* SkyRouter.swift */; };
		8BE6BEC72756A9C600C710EC /* SkyViewController.swift in Sources */ = {isa = PBXBuildFile; fileRef = 8BE6BEC52756A9C600C710EC /* SkyViewController.swift */; };
		8BE6BEC82756A9C600C710EC /* SkyViewController.xib in Resources */ = {isa = PBXBuildFile; fileRef = 8BE6BEC62756A9C600C710EC /* SkyViewController.xib */; };
		8BE6BECA2756AA2D00C710EC /* SkyPresenter.swift in Sources */ = {isa = PBXBuildFile; fileRef = 8BE6BEC92756AA2D00C710EC /* SkyPresenter.swift */; };
		8BE6BECC2756AB1E00C710EC /* SkyInteractor.swift in Sources */ = {isa = PBXBuildFile; fileRef = 8BE6BECB2756AB1E00C710EC /* SkyInteractor.swift */; };
		8BE6BECE2756AB6B00C710EC /* SkyModels.swift in Sources */ = {isa = PBXBuildFile; fileRef = 8BE6BECD2756AB6B00C710EC /* SkyModels.swift */; };
		8BE6BED02756ABF900C710EC /* SettingsBuilder.swift in Sources */ = {isa = PBXBuildFile; fileRef = 8BE6BECF2756ABF900C710EC /* SettingsBuilder.swift */; };
		8BE6BED22756AC8E00C710EC /* SettingsRouter.swift in Sources */ = {isa = PBXBuildFile; fileRef = 8BE6BED12756AC8E00C710EC /* SettingsRouter.swift */; };
		8BE6BED52756ACC300C710EC /* SettingsViewController.swift in Sources */ = {isa = PBXBuildFile; fileRef = 8BE6BED32756ACC300C710EC /* SettingsViewController.swift */; };
		8BE6BED62756ACC300C710EC /* SettingsViewController.xib in Resources */ = {isa = PBXBuildFile; fileRef = 8BE6BED42756ACC300C710EC /* SettingsViewController.xib */; };
		8BE6BED82756AD0700C710EC /* SettingsPresenter.swift in Sources */ = {isa = PBXBuildFile; fileRef = 8BE6BED72756AD0700C710EC /* SettingsPresenter.swift */; };
		8BE6BEDA2756AD6200C710EC /* SettingsInteractor.swift in Sources */ = {isa = PBXBuildFile; fileRef = 8BE6BED92756AD6200C710EC /* SettingsInteractor.swift */; };
		8BE6BEDC2756AED400C710EC /* SettingsModels.swift in Sources */ = {isa = PBXBuildFile; fileRef = 8BE6BEDB2756AED400C710EC /* SettingsModels.swift */; };
/* End PBXBuildFile section */

/* Begin PBXContainerItemProxy section */
		8B07E28F27541D3400808BF9 /* PBXContainerItemProxy */ = {
			isa = PBXContainerItemProxy;
			containerPortal = 8B07E27027541D3100808BF9 /* Project object */;
			proxyType = 1;
			remoteGlobalIDString = 8B07E27727541D3200808BF9;
			remoteInfo = Orballo;
		};
		8B07E29927541D3400808BF9 /* PBXContainerItemProxy */ = {
			isa = PBXContainerItemProxy;
			containerPortal = 8B07E27027541D3100808BF9 /* Project object */;
			proxyType = 1;
			remoteGlobalIDString = 8B07E27727541D3200808BF9;
			remoteInfo = Orballo;
		};
/* End PBXContainerItemProxy section */

/* Begin PBXFileReference section */
		8B07E27827541D3200808BF9 /* Orballo.app */ = {isa = PBXFileReference; explicitFileType = wrapper.application; includeInIndex = 0; path = Orballo.app; sourceTree = BUILT_PRODUCTS_DIR; };
		8B07E27B27541D3200808BF9 /* AppDelegate.swift */ = {isa = PBXFileReference; lastKnownFileType = sourcecode.swift; path = AppDelegate.swift; sourceTree = "<group>"; };
		8B07E28427541D3400808BF9 /* Assets.xcassets */ = {isa = PBXFileReference; lastKnownFileType = folder.assetcatalog; path = Assets.xcassets; sourceTree = "<group>"; };
		8B07E28727541D3400808BF9 /* Base */ = {isa = PBXFileReference; lastKnownFileType = file.storyboard; name = Base; path = Base.lproj/LaunchScreen.storyboard; sourceTree = "<group>"; };
		8B07E28927541D3400808BF9 /* Info.plist */ = {isa = PBXFileReference; lastKnownFileType = text.plist.xml; path = Info.plist; sourceTree = "<group>"; };
		8B07E28E27541D3400808BF9 /* OrballoTests.xctest */ = {isa = PBXFileReference; explicitFileType = wrapper.cfbundle; includeInIndex = 0; path = OrballoTests.xctest; sourceTree = BUILT_PRODUCTS_DIR; };
		8B07E29227541D3400808BF9 /* OrballoTests.swift */ = {isa = PBXFileReference; lastKnownFileType = sourcecode.swift; path = OrballoTests.swift; sourceTree = "<group>"; };
		8B07E29827541D3400808BF9 /* OrballoUITests.xctest */ = {isa = PBXFileReference; explicitFileType = wrapper.cfbundle; includeInIndex = 0; path = OrballoUITests.xctest; sourceTree = BUILT_PRODUCTS_DIR; };
		8B07E29C27541D3400808BF9 /* OrballoUITests.swift */ = {isa = PBXFileReference; lastKnownFileType = sourcecode.swift; path = OrballoUITests.swift; sourceTree = "<group>"; };
		8B07E29E27541D3400808BF9 /* OrballoUITestsLaunchTests.swift */ = {isa = PBXFileReference; lastKnownFileType = sourcecode.swift; path = OrballoUITestsLaunchTests.swift; sourceTree = "<group>"; };
		8B07E2AE27541EE400808BF9 /* HomeViewController.swift */ = {isa = PBXFileReference; lastKnownFileType = sourcecode.swift; path = HomeViewController.swift; sourceTree = "<group>"; };
		8B07E2AF27541EE400808BF9 /* HomeViewController.xib */ = {isa = PBXFileReference; lastKnownFileType = file.xib; path = HomeViewController.xib; sourceTree = "<group>"; };
		8B07E2B227541F4700808BF9 /* HomePresenter.swift */ = {isa = PBXFileReference; lastKnownFileType = sourcecode.swift; path = HomePresenter.swift; sourceTree = "<group>"; };
		8B07E2B427541FB700808BF9 /* HomeInteractor.swift */ = {isa = PBXFileReference; lastKnownFileType = sourcecode.swift; path = HomeInteractor.swift; sourceTree = "<group>"; };
		8B07E2B627541FD300808BF9 /* HomeRouter.swift */ = {isa = PBXFileReference; lastKnownFileType = sourcecode.swift; path = HomeRouter.swift; sourceTree = "<group>"; };
		8B07E2B82754200600808BF9 /* HomeBuilder.swift */ = {isa = PBXFileReference; lastKnownFileType = sourcecode.swift; path = HomeBuilder.swift; sourceTree = "<group>"; };
		8B07E2BC2754212600808BF9 /* BaseViewController.swift */ = {isa = PBXFileReference; lastKnownFileType = sourcecode.swift; path = BaseViewController.swift; sourceTree = "<group>"; };
		8B07E2BE275421A800808BF9 /* HomeModels.swift */ = {isa = PBXFileReference; lastKnownFileType = sourcecode.swift; path = HomeModels.swift; sourceTree = "<group>"; };
		8B07E2C32754377D00808BF9 /* AddLocationTableViewCell.swift */ = {isa = PBXFileReference; lastKnownFileType = sourcecode.swift; path = AddLocationTableViewCell.swift; sourceTree = "<group>"; };
		8B07E2C42754377D00808BF9 /* AddLocationTableViewCell.xib */ = {isa = PBXFileReference; lastKnownFileType = file.xib; path = AddLocationTableViewCell.xib; sourceTree = "<group>"; };
		8B07E2C72754379600808BF9 /* LocationTableViewCell.swift */ = {isa = PBXFileReference; lastKnownFileType = sourcecode.swift; path = LocationTableViewCell.swift; sourceTree = "<group>"; };
		8B07E2C82754379600808BF9 /* LocationTableViewCell.xib */ = {isa = PBXFileReference; lastKnownFileType = file.xib; path = LocationTableViewCell.xib; sourceTree = "<group>"; };
		8B2949D42759460900FDC625 /* Model.xcdatamodel */ = {isa = PBXFileReference; lastKnownFileType = wrapper.xcdatamodel; path = Model.xcdatamodel; sourceTree = "<group>"; };
		8B6342B8275D7B9F00889BAC /* AccuweatherService.swift */ = {isa = PBXFileReference; lastKnownFileType = sourcecode.swift; path = AccuweatherService.swift; sourceTree = "<group>"; };
		8B6342BA275D7BAE00889BAC /* AccuweatherModels.swift */ = {isa = PBXFileReference; lastKnownFileType = sourcecode.swift; path = AccuweatherModels.swift; sourceTree = "<group>"; };
		8B6342BF275D875800889BAC /* Settings.bundle */ = {isa = PBXFileReference; lastKnownFileType = "wrapper.plug-in"; path = Settings.bundle; sourceTree = "<group>"; };
		8B6342C5275D89DE00889BAC /* Services-Info.plist */ = {isa = PBXFileReference; lastKnownFileType = text.plist.xml; path = "Services-Info.plist"; sourceTree = "<group>"; };
		8B750BEB2757CCDD00907D3D /* LocationManager.swift */ = {isa = PBXFileReference; lastKnownFileType = sourcecode.swift; path = LocationManager.swift; sourceTree = "<group>"; };
		8B83751F275578250098D724 /* LocationBuilder.swift */ = {isa = PBXFileReference; lastKnownFileType = sourcecode.swift; path = LocationBuilder.swift; sourceTree = "<group>"; };
		8B837521275578EB0098D724 /* LocationRouter.swift */ = {isa = PBXFileReference; lastKnownFileType = sourcecode.swift; path = LocationRouter.swift; sourceTree = "<group>"; };
		8B837523275579290098D724 /* LocationViewController.swift */ = {isa = PBXFileReference; lastKnownFileType = sourcecode.swift; path = LocationViewController.swift; sourceTree = "<group>"; };
		8B837524275579290098D724 /* LocationViewController.xib */ = {isa = PBXFileReference; lastKnownFileType = file.xib; path = LocationViewController.xib; sourceTree = "<group>"; };
		8B83752727557A360098D724 /* LocationPresenter.swift */ = {isa = PBXFileReference; lastKnownFileType = sourcecode.swift; path = LocationPresenter.swift; sourceTree = "<group>"; };
		8B83752927557AAF0098D724 /* LocationInteractor.swift */ = {isa = PBXFileReference; lastKnownFileType = sourcecode.swift; path = LocationInteractor.swift; sourceTree = "<group>"; };
		8B83752B27557AE60098D724 /* LocationModels.swift */ = {isa = PBXFileReference; lastKnownFileType = sourcecode.swift; path = LocationModels.swift; sourceTree = "<group>"; };
		8BE6BEC12756A94F00C710EC /* SkyBuilder.swift */ = {isa = PBXFileReference; lastKnownFileType = sourcecode.swift; path = SkyBuilder.swift; sourceTree = "<group>"; };
		8BE6BEC32756A98E00C710EC /* SkyRouter.swift */ = {isa = PBXFileReference; lastKnownFileType = sourcecode.swift; path = SkyRouter.swift; sourceTree = "<group>"; };
		8BE6BEC52756A9C600C710EC /* SkyViewController.swift */ = {isa = PBXFileReference; lastKnownFileType = sourcecode.swift; path = SkyViewController.swift; sourceTree = "<group>"; };
		8BE6BEC62756A9C600C710EC /* SkyViewController.xib */ = {isa = PBXFileReference; lastKnownFileType = file.xib; path = SkyViewController.xib; sourceTree = "<group>"; };
		8BE6BEC92756AA2D00C710EC /* SkyPresenter.swift */ = {isa = PBXFileReference; lastKnownFileType = sourcecode.swift; path = SkyPresenter.swift; sourceTree = "<group>"; };
		8BE6BECB2756AB1E00C710EC /* SkyInteractor.swift */ = {isa = PBXFileReference; lastKnownFileType = sourcecode.swift; path = SkyInteractor.swift; sourceTree = "<group>"; };
		8BE6BECD2756AB6B00C710EC /* SkyModels.swift */ = {isa = PBXFileReference; lastKnownFileType = sourcecode.swift; path = SkyModels.swift; sourceTree = "<group>"; };
		8BE6BECF2756ABF900C710EC /* SettingsBuilder.swift */ = {isa = PBXFileReference; lastKnownFileType = sourcecode.swift; path = SettingsBuilder.swift; sourceTree = "<group>"; };
		8BE6BED12756AC8E00C710EC /* SettingsRouter.swift */ = {isa = PBXFileReference; lastKnownFileType = sourcecode.swift; path = SettingsRouter.swift; sourceTree = "<group>"; };
		8BE6BED32756ACC300C710EC /* SettingsViewController.swift */ = {isa = PBXFileReference; lastKnownFileType = sourcecode.swift; path = SettingsViewController.swift; sourceTree = "<group>"; };
		8BE6BED42756ACC300C710EC /* SettingsViewController.xib */ = {isa = PBXFileReference; lastKnownFileType = file.xib; path = SettingsViewController.xib; sourceTree = "<group>"; };
		8BE6BED72756AD0700C710EC /* SettingsPresenter.swift */ = {isa = PBXFileReference; lastKnownFileType = sourcecode.swift; path = SettingsPresenter.swift; sourceTree = "<group>"; };
		8BE6BED92756AD6200C710EC /* SettingsInteractor.swift */ = {isa = PBXFileReference; lastKnownFileType = sourcecode.swift; path = SettingsInteractor.swift; sourceTree = "<group>"; };
		8BE6BEDB2756AED400C710EC /* SettingsModels.swift */ = {isa = PBXFileReference; lastKnownFileType = sourcecode.swift; path = SettingsModels.swift; sourceTree = "<group>"; };
/* End PBXFileReference section */

/* Begin PBXFrameworksBuildPhase section */
		8B07E27527541D3200808BF9 /* Frameworks */ = {
			isa = PBXFrameworksBuildPhase;
			buildActionMask = 2147483647;
			files = (
				8B6342BE275D82C900889BAC /* Alamofire in Frameworks */,
			);
			runOnlyForDeploymentPostprocessing = 0;
		};
		8B07E28B27541D3400808BF9 /* Frameworks */ = {
			isa = PBXFrameworksBuildPhase;
			buildActionMask = 2147483647;
			files = (
			);
			runOnlyForDeploymentPostprocessing = 0;
		};
		8B07E29527541D3400808BF9 /* Frameworks */ = {
			isa = PBXFrameworksBuildPhase;
			buildActionMask = 2147483647;
			files = (
			);
			runOnlyForDeploymentPostprocessing = 0;
		};
/* End PBXFrameworksBuildPhase section */

/* Begin PBXGroup section */
		8B07E26F27541D3100808BF9 = {
			isa = PBXGroup;
			children = (
				8B07E27A27541D3200808BF9 /* Orballo */,
				8B07E29127541D3400808BF9 /* OrballoTests */,
				8B07E29B27541D3400808BF9 /* OrballoUITests */,
				8B07E27927541D3200808BF9 /* Products */,
			);
			sourceTree = "<group>";
		};
		8B07E27927541D3200808BF9 /* Products */ = {
			isa = PBXGroup;
			children = (
				8B07E27827541D3200808BF9 /* Orballo.app */,
				8B07E28E27541D3400808BF9 /* OrballoTests.xctest */,
				8B07E29827541D3400808BF9 /* OrballoUITests.xctest */,
			);
			name = Products;
			sourceTree = "<group>";
		};
		8B07E27A27541D3200808BF9 /* Orballo */ = {
			isa = PBXGroup;
			children = (
				8B07E28427541D3400808BF9 /* Assets.xcassets */,
				8B07E27B27541D3200808BF9 /* AppDelegate.swift */,
				8B07E2BA275420A100808BF9 /* Common */,
				8B750BE92757CCBF00907D3D /* Core */,
				8B07E2AB27541E5800808BF9 /* Modules */,
				8B07E2AC27541E6E00808BF9 /* SupportingFiles */,
			);
			path = Orballo;
			sourceTree = "<group>";
		};
		8B07E29127541D3400808BF9 /* OrballoTests */ = {
			isa = PBXGroup;
			children = (
				8B07E29227541D3400808BF9 /* OrballoTests.swift */,
			);
			path = OrballoTests;
			sourceTree = "<group>";
		};
		8B07E29B27541D3400808BF9 /* OrballoUITests */ = {
			isa = PBXGroup;
			children = (
				8B07E29C27541D3400808BF9 /* OrballoUITests.swift */,
				8B07E29E27541D3400808BF9 /* OrballoUITestsLaunchTests.swift */,
			);
			path = OrballoUITests;
			sourceTree = "<group>";
		};
		8B07E2AB27541E5800808BF9 /* Modules */ = {
			isa = PBXGroup;
			children = (
				8B07E2AD27541EC000808BF9 /* Home */,
				8B83751C275576A30098D724 /* Location */,
				8B83751D275576BD0098D724 /* Sky */,
				8B83751E275576D50098D724 /* Settings */,
			);
			path = Modules;
			sourceTree = "<group>";
		};
		8B07E2AC27541E6E00808BF9 /* SupportingFiles */ = {
			isa = PBXGroup;
			children = (
				8B6342BF275D875800889BAC /* Settings.bundle */,
				8B07E28627541D3400808BF9 /* LaunchScreen.storyboard */,
				8B07E28927541D3400808BF9 /* Info.plist */,
				8B6342C5275D89DE00889BAC /* Services-Info.plist */,
			);
			path = SupportingFiles;
			sourceTree = "<group>";
		};
		8B07E2AD27541EC000808BF9 /* Home */ = {
			isa = PBXGroup;
			children = (
				8B07E2B82754200600808BF9 /* HomeBuilder.swift */,
				8B07E2B627541FD300808BF9 /* HomeRouter.swift */,
				8B07E2AF27541EE400808BF9 /* HomeViewController.xib */,
				8B07E2AE27541EE400808BF9 /* HomeViewController.swift */,
				8B07E2B227541F4700808BF9 /* HomePresenter.swift */,
				8B07E2B427541FB700808BF9 /* HomeInteractor.swift */,
				8B07E2BE275421A800808BF9 /* HomeModels.swift */,
			);
			path = Home;
			sourceTree = "<group>";
		};
		8B07E2BA275420A100808BF9 /* Common */ = {
			isa = PBXGroup;
			children = (
				8B07E2BB2754211400808BF9 /* BaseComponents */,
				8B07E2C02754371B00808BF9 /* Components */,
				8B2949D62759461700FDC625 /* Database */,
			);
			path = Common;
			sourceTree = "<group>";
		};
		8B07E2BB2754211400808BF9 /* BaseComponents */ = {
			isa = PBXGroup;
			children = (
				8B07E2BC2754212600808BF9 /* BaseViewController.swift */,
			);
			path = BaseComponents;
			sourceTree = "<group>";
		};
		8B07E2C02754371B00808BF9 /* Components */ = {
			isa = PBXGroup;
			children = (
				8B07E2C22754375B00808BF9 /* AddLocationTableViewCell */,
				8B07E2C12754373200808BF9 /* LocationTableViewCell */,
			);
			path = Components;
			sourceTree = "<group>";
		};
		8B07E2C12754373200808BF9 /* LocationTableViewCell */ = {
			isa = PBXGroup;
			children = (
				8B07E2C82754379600808BF9 /* LocationTableViewCell.xib */,
				8B07E2C72754379600808BF9 /* LocationTableViewCell.swift */,
			);
			path = LocationTableViewCell;
			sourceTree = "<group>";
		};
		8B07E2C22754375B00808BF9 /* AddLocationTableViewCell */ = {
			isa = PBXGroup;
			children = (
				8B07E2C42754377D00808BF9 /* AddLocationTableViewCell.xib */,
				8B07E2C32754377D00808BF9 /* AddLocationTableViewCell.swift */,
			);
			path = AddLocationTableViewCell;
			sourceTree = "<group>";
		};
		8B2949D62759461700FDC625 /* Database */ = {
			isa = PBXGroup;
			children = (
				8B2949D32759460900FDC625 /* Model.xcdatamodeld */,
			);
			path = Database;
			sourceTree = "<group>";
		};
		8B6342B6275D7B8200889BAC /* Services */ = {
			isa = PBXGroup;
			children = (
				8B6342B7275D7B9100889BAC /* Accuweather */,
			);
			path = Services;
			sourceTree = "<group>";
		};
		8B6342B7275D7B9100889BAC /* Accuweather */ = {
			isa = PBXGroup;
			children = (
				8B6342B8275D7B9F00889BAC /* AccuweatherService.swift */,
				8B6342BA275D7BAE00889BAC /* AccuweatherModels.swift */,
			);
			path = Accuweather;
			sourceTree = "<group>";
		};
		8B750BE92757CCBF00907D3D /* Core */ = {
			isa = PBXGroup;
			children = (
				8B750BEA2757CCCF00907D3D /* Location */,
				8B6342B6275D7B8200889BAC /* Services */,
			);
			path = Core;
			sourceTree = "<group>";
		};
		8B750BEA2757CCCF00907D3D /* Location */ = {
			isa = PBXGroup;
			children = (
				8B750BEB2757CCDD00907D3D /* LocationManager.swift */,
			);
			path = Location;
			sourceTree = "<group>";
		};
		8B83751C275576A30098D724 /* Location */ = {
			isa = PBXGroup;
			children = (
				8B83751F275578250098D724 /* LocationBuilder.swift */,
				8B837521275578EB0098D724 /* LocationRouter.swift */,
				8B837524275579290098D724 /* LocationViewController.xib */,
				8B837523275579290098D724 /* LocationViewController.swift */,
				8B83752727557A360098D724 /* LocationPresenter.swift */,
				8B83752927557AAF0098D724 /* LocationInteractor.swift */,
				8B83752B27557AE60098D724 /* LocationModels.swift */,
			);
			path = Location;
			sourceTree = "<group>";
		};
		8B83751D275576BD0098D724 /* Sky */ = {
			isa = PBXGroup;
			children = (
				8BE6BEC12756A94F00C710EC /* SkyBuilder.swift */,
				8BE6BEC32756A98E00C710EC /* SkyRouter.swift */,
				8BE6BEC62756A9C600C710EC /* SkyViewController.xib */,
				8BE6BEC52756A9C600C710EC /* SkyViewController.swift */,
				8BE6BEC92756AA2D00C710EC /* SkyPresenter.swift */,
				8BE6BECB2756AB1E00C710EC /* SkyInteractor.swift */,
				8BE6BECD2756AB6B00C710EC /* SkyModels.swift */,
			);
			path = Sky;
			sourceTree = "<group>";
		};
		8B83751E275576D50098D724 /* Settings */ = {
			isa = PBXGroup;
			children = (
				8BE6BECF2756ABF900C710EC /* SettingsBuilder.swift */,
				8BE6BED12756AC8E00C710EC /* SettingsRouter.swift */,
				8BE6BED42756ACC300C710EC /* SettingsViewController.xib */,
				8BE6BED32756ACC300C710EC /* SettingsViewController.swift */,
				8BE6BED72756AD0700C710EC /* SettingsPresenter.swift */,
				8BE6BED92756AD6200C710EC /* SettingsInteractor.swift */,
				8BE6BEDB2756AED400C710EC /* SettingsModels.swift */,
			);
			path = Settings;
			sourceTree = "<group>";
		};
/* End PBXGroup section */

/* Begin PBXNativeTarget section */
		8B07E27727541D3200808BF9 /* Orballo */ = {
			isa = PBXNativeTarget;
			buildConfigurationList = 8B07E2A227541D3400808BF9 /* Build configuration list for PBXNativeTarget "Orballo" */;
			buildPhases = (
				8B07E27427541D3200808BF9 /* Sources */,
				8B07E27527541D3200808BF9 /* Frameworks */,
				8B07E27627541D3200808BF9 /* Resources */,
			);
			buildRules = (
			);
			dependencies = (
			);
			name = Orballo;
			packageProductDependencies = (
				8B6342BD275D82C900889BAC /* Alamofire */,
			);
			productName = Orballo;
			productReference = 8B07E27827541D3200808BF9 /* Orballo.app */;
			productType = "com.apple.product-type.application";
		};
		8B07E28D27541D3400808BF9 /* OrballoTests */ = {
			isa = PBXNativeTarget;
			buildConfigurationList = 8B07E2A527541D3400808BF9 /* Build configuration list for PBXNativeTarget "OrballoTests" */;
			buildPhases = (
				8B07E28A27541D3400808BF9 /* Sources */,
				8B07E28B27541D3400808BF9 /* Frameworks */,
				8B07E28C27541D3400808BF9 /* Resources */,
			);
			buildRules = (
			);
			dependencies = (
				8B07E29027541D3400808BF9 /* PBXTargetDependency */,
			);
			name = OrballoTests;
			productName = OrballoTests;
			productReference = 8B07E28E27541D3400808BF9 /* OrballoTests.xctest */;
			productType = "com.apple.product-type.bundle.unit-test";
		};
		8B07E29727541D3400808BF9 /* OrballoUITests */ = {
			isa = PBXNativeTarget;
			buildConfigurationList = 8B07E2A827541D3400808BF9 /* Build configuration list for PBXNativeTarget "OrballoUITests" */;
			buildPhases = (
				8B07E29427541D3400808BF9 /* Sources */,
				8B07E29527541D3400808BF9 /* Frameworks */,
				8B07E29627541D3400808BF9 /* Resources */,
			);
			buildRules = (
			);
			dependencies = (
				8B07E29A27541D3400808BF9 /* PBXTargetDependency */,
			);
			name = OrballoUITests;
			productName = OrballoUITests;
			productReference = 8B07E29827541D3400808BF9 /* OrballoUITests.xctest */;
			productType = "com.apple.product-type.bundle.ui-testing";
		};
/* End PBXNativeTarget section */

/* Begin PBXProject section */
		8B07E27027541D3100808BF9 /* Project object */ = {
			isa = PBXProject;
			attributes = {
				BuildIndependentTargetsInParallel = 1;
				LastSwiftUpdateCheck = 1310;
				LastUpgradeCheck = 1310;
				TargetAttributes = {
					8B07E27727541D3200808BF9 = {
						CreatedOnToolsVersion = 13.1;
					};
					8B07E28D27541D3400808BF9 = {
						CreatedOnToolsVersion = 13.1;
						TestTargetID = 8B07E27727541D3200808BF9;
					};
					8B07E29727541D3400808BF9 = {
						CreatedOnToolsVersion = 13.1;
						TestTargetID = 8B07E27727541D3200808BF9;
					};
				};
			};
			buildConfigurationList = 8B07E27327541D3100808BF9 /* Build configuration list for PBXProject "Orballo" */;
			compatibilityVersion = "Xcode 13.0";
			developmentRegion = en;
			hasScannedForEncodings = 0;
			knownRegions = (
				en,
				Base,
			);
			mainGroup = 8B07E26F27541D3100808BF9;
			packageReferences = (
				8B6342BC275D82C900889BAC /* XCRemoteSwiftPackageReference "Alamofire" */,
			);
			productRefGroup = 8B07E27927541D3200808BF9 /* Products */;
			projectDirPath = "";
			projectRoot = "";
			targets = (
				8B07E27727541D3200808BF9 /* Orballo */,
				8B07E28D27541D3400808BF9 /* OrballoTests */,
				8B07E29727541D3400808BF9 /* OrballoUITests */,
			);
		};
/* End PBXProject section */

/* Begin PBXResourcesBuildPhase section */
		8B07E27627541D3200808BF9 /* Resources */ = {
			isa = PBXResourcesBuildPhase;
			buildActionMask = 2147483647;
			files = (
				8B07E28827541D3400808BF9 /* LaunchScreen.storyboard in Resources */,
				8B837526275579290098D724 /* LocationViewController.xib in Resources */,
				8BE6BEC82756A9C600C710EC /* SkyViewController.xib in Resources */,
				8BE6BED62756ACC300C710EC /* SettingsViewController.xib in Resources */,
				8B07E28527541D3400808BF9 /* Assets.xcassets in Resources */,
				8B07E2C62754377D00808BF9 /* AddLocationTableViewCell.xib in Resources */,
				8B07E2B127541EE400808BF9 /* HomeViewController.xib in Resources */,
				8B6342C0275D875800889BAC /* Settings.bundle in Resources */,
				8B6342C6275D89DE00889BAC /* Services-Info.plist in Resources */,
				8B07E2CA2754379600808BF9 /* LocationTableViewCell.xib in Resources */,
			);
			runOnlyForDeploymentPostprocessing = 0;
		};
		8B07E28C27541D3400808BF9 /* Resources */ = {
			isa = PBXResourcesBuildPhase;
			buildActionMask = 2147483647;
			files = (
			);
			runOnlyForDeploymentPostprocessing = 0;
		};
		8B07E29627541D3400808BF9 /* Resources */ = {
			isa = PBXResourcesBuildPhase;
			buildActionMask = 2147483647;
			files = (
			);
			runOnlyForDeploymentPostprocessing = 0;
		};
/* End PBXResourcesBuildPhase section */

/* Begin PBXSourcesBuildPhase section */
		8B07E27427541D3200808BF9 /* Sources */ = {
			isa = PBXSourcesBuildPhase;
			buildActionMask = 2147483647;
			files = (
				8B837520275578250098D724 /* LocationBuilder.swift in Sources */,
				8B07E2BF275421A800808BF9 /* HomeModels.swift in Sources */,
				8B6342BB275D7BAE00889BAC /* AccuweatherModels.swift in Sources */,
				8BE6BEC22756A94F00C710EC /* SkyBuilder.swift in Sources */,
				8B07E2B92754200600808BF9 /* HomeBuilder.swift in Sources */,
				8B07E2B327541F4700808BF9 /* HomePresenter.swift in Sources */,
				8B6342B9275D7B9F00889BAC /* AccuweatherService.swift in Sources */,
				8BE6BECE2756AB6B00C710EC /* SkyModels.swift in Sources */,
				8B07E2C52754377D00808BF9 /* AddLocationTableViewCell.swift in Sources */,
				8BE6BED82756AD0700C710EC /* SettingsPresenter.swift in Sources */,
				8BE6BEDC2756AED400C710EC /* SettingsModels.swift in Sources */,
				8BE6BEC42756A98E00C710EC /* SkyRouter.swift in Sources */,
				8BE6BED52756ACC300C710EC /* SettingsViewController.swift in Sources */,
				8B837522275578EB0098D724 /* LocationRouter.swift in Sources */,
				8BE6BED22756AC8E00C710EC /* SettingsRouter.swift in Sources */,
				8B07E27C27541D3200808BF9 /* AppDelegate.swift in Sources */,
				8B837525275579290098D724 /* LocationViewController.swift in Sources */,
				8BE6BECC2756AB1E00C710EC /* SkyInteractor.swift in Sources */,
				8B07E2B027541EE400808BF9 /* HomeViewController.swift in Sources */,
				8B2949D52759460900FDC625 /* Model.xcdatamodeld in Sources */,
				8BE6BED02756ABF900C710EC /* SettingsBuilder.swift in Sources */,
				8B07E2C92754379600808BF9 /* LocationTableViewCell.swift in Sources */,
				8BE6BECA2756AA2D00C710EC /* SkyPresenter.swift in Sources */,
				8B07E2B527541FB700808BF9 /* HomeInteractor.swift in Sources */,
				8B83752827557A360098D724 /* LocationPresenter.swift in Sources */,
				8BE6BEC72756A9C600C710EC /* SkyViewController.swift in Sources */,
				8B83752C27557AE60098D724 /* LocationModels.swift in Sources */,
				8B07E2BD2754212600808BF9 /* BaseViewController.swift in Sources */,
				8B750BEC2757CCDD00907D3D /* LocationManager.swift in Sources */,
				8B07E2B727541FD300808BF9 /* HomeRouter.swift in Sources */,
				8B83752A27557AAF0098D724 /* LocationInteractor.swift in Sources */,
				8BE6BEDA2756AD6200C710EC /* SettingsInteractor.swift in Sources */,
			);
			runOnlyForDeploymentPostprocessing = 0;
		};
		8B07E28A27541D3400808BF9 /* Sources */ = {
			isa = PBXSourcesBuildPhase;
			buildActionMask = 2147483647;
			files = (
				8B07E29327541D3400808BF9 /* OrballoTests.swift in Sources */,
			);
			runOnlyForDeploymentPostprocessing = 0;
		};
		8B07E29427541D3400808BF9 /* Sources */ = {
			isa = PBXSourcesBuildPhase;
			buildActionMask = 2147483647;
			files = (
				8B07E29F27541D3400808BF9 /* OrballoUITestsLaunchTests.swift in Sources */,
				8B07E29D27541D3400808BF9 /* OrballoUITests.swift in Sources */,
			);
			runOnlyForDeploymentPostprocessing = 0;
		};
/* End PBXSourcesBuildPhase section */

/* Begin PBXTargetDependency section */
		8B07E29027541D3400808BF9 /* PBXTargetDependency */ = {
			isa = PBXTargetDependency;
			target = 8B07E27727541D3200808BF9 /* Orballo */;
			targetProxy = 8B07E28F27541D3400808BF9 /* PBXContainerItemProxy */;
		};
		8B07E29A27541D3400808BF9 /* PBXTargetDependency */ = {
			isa = PBXTargetDependency;
			target = 8B07E27727541D3200808BF9 /* Orballo */;
			targetProxy = 8B07E29927541D3400808BF9 /* PBXContainerItemProxy */;
		};
/* End PBXTargetDependency section */

/* Begin PBXVariantGroup section */
		8B07E28627541D3400808BF9 /* LaunchScreen.storyboard */ = {
			isa = PBXVariantGroup;
			children = (
				8B07E28727541D3400808BF9 /* Base */,
			);
			name = LaunchScreen.storyboard;
			sourceTree = "<group>";
		};
/* End PBXVariantGroup section */

/* Begin XCBuildConfiguration section */
		8B07E2A027541D3400808BF9 /* Debug */ = {
			isa = XCBuildConfiguration;
			buildSettings = {
				ALWAYS_SEARCH_USER_PATHS = NO;
				CLANG_ANALYZER_NONNULL = YES;
				CLANG_ANALYZER_NUMBER_OBJECT_CONVERSION = YES_AGGRESSIVE;
				CLANG_CXX_LANGUAGE_STANDARD = "gnu++17";
				CLANG_CXX_LIBRARY = "libc++";
				CLANG_ENABLE_MODULES = YES;
				CLANG_ENABLE_OBJC_ARC = YES;
				CLANG_ENABLE_OBJC_WEAK = YES;
				CLANG_WARN_BLOCK_CAPTURE_AUTORELEASING = YES;
				CLANG_WARN_BOOL_CONVERSION = YES;
				CLANG_WARN_COMMA = YES;
				CLANG_WARN_CONSTANT_CONVERSION = YES;
				CLANG_WARN_DEPRECATED_OBJC_IMPLEMENTATIONS = YES;
				CLANG_WARN_DIRECT_OBJC_ISA_USAGE = YES_ERROR;
				CLANG_WARN_DOCUMENTATION_COMMENTS = YES;
				CLANG_WARN_EMPTY_BODY = YES;
				CLANG_WARN_ENUM_CONVERSION = YES;
				CLANG_WARN_INFINITE_RECURSION = YES;
				CLANG_WARN_INT_CONVERSION = YES;
				CLANG_WARN_NON_LITERAL_NULL_CONVERSION = YES;
				CLANG_WARN_OBJC_IMPLICIT_RETAIN_SELF = YES;
				CLANG_WARN_OBJC_LITERAL_CONVERSION = YES;
				CLANG_WARN_OBJC_ROOT_CLASS = YES_ERROR;
				CLANG_WARN_QUOTED_INCLUDE_IN_FRAMEWORK_HEADER = YES;
				CLANG_WARN_RANGE_LOOP_ANALYSIS = YES;
				CLANG_WARN_STRICT_PROTOTYPES = YES;
				CLANG_WARN_SUSPICIOUS_MOVE = YES;
				CLANG_WARN_UNGUARDED_AVAILABILITY = YES_AGGRESSIVE;
				CLANG_WARN_UNREACHABLE_CODE = YES;
				CLANG_WARN__DUPLICATE_METHOD_MATCH = YES;
				COPY_PHASE_STRIP = NO;
				DEBUG_INFORMATION_FORMAT = dwarf;
				ENABLE_STRICT_OBJC_MSGSEND = YES;
				ENABLE_TESTABILITY = YES;
				GCC_C_LANGUAGE_STANDARD = gnu11;
				GCC_DYNAMIC_NO_PIC = NO;
				GCC_NO_COMMON_BLOCKS = YES;
				GCC_OPTIMIZATION_LEVEL = 0;
				GCC_PREPROCESSOR_DEFINITIONS = (
					"DEBUG=1",
					"$(inherited)",
				);
				GCC_WARN_64_TO_32_BIT_CONVERSION = YES;
				GCC_WARN_ABOUT_RETURN_TYPE = YES_ERROR;
				GCC_WARN_UNDECLARED_SELECTOR = YES;
				GCC_WARN_UNINITIALIZED_AUTOS = YES_AGGRESSIVE;
				GCC_WARN_UNUSED_FUNCTION = YES;
				GCC_WARN_UNUSED_VARIABLE = YES;
				IPHONEOS_DEPLOYMENT_TARGET = 15.0;
				MTL_ENABLE_DEBUG_INFO = INCLUDE_SOURCE;
				MTL_FAST_MATH = YES;
				ONLY_ACTIVE_ARCH = YES;
				SDKROOT = iphoneos;
				SWIFT_ACTIVE_COMPILATION_CONDITIONS = DEBUG;
				SWIFT_OPTIMIZATION_LEVEL = "-Onone";
			};
			name = Debug;
		};
		8B07E2A127541D3400808BF9 /* Release */ = {
			isa = XCBuildConfiguration;
			buildSettings = {
				ALWAYS_SEARCH_USER_PATHS = NO;
				CLANG_ANALYZER_NONNULL = YES;
				CLANG_ANALYZER_NUMBER_OBJECT_CONVERSION = YES_AGGRESSIVE;
				CLANG_CXX_LANGUAGE_STANDARD = "gnu++17";
				CLANG_CXX_LIBRARY = "libc++";
				CLANG_ENABLE_MODULES = YES;
				CLANG_ENABLE_OBJC_ARC = YES;
				CLANG_ENABLE_OBJC_WEAK = YES;
				CLANG_WARN_BLOCK_CAPTURE_AUTORELEASING = YES;
				CLANG_WARN_BOOL_CONVERSION = YES;
				CLANG_WARN_COMMA = YES;
				CLANG_WARN_CONSTANT_CONVERSION = YES;
				CLANG_WARN_DEPRECATED_OBJC_IMPLEMENTATIONS = YES;
				CLANG_WARN_DIRECT_OBJC_ISA_USAGE = YES_ERROR;
				CLANG_WARN_DOCUMENTATION_COMMENTS = YES;
				CLANG_WARN_EMPTY_BODY = YES;
				CLANG_WARN_ENUM_CONVERSION = YES;
				CLANG_WARN_INFINITE_RECURSION = YES;
				CLANG_WARN_INT_CONVERSION = YES;
				CLANG_WARN_NON_LITERAL_NULL_CONVERSION = YES;
				CLANG_WARN_OBJC_IMPLICIT_RETAIN_SELF = YES;
				CLANG_WARN_OBJC_LITERAL_CONVERSION = YES;
				CLANG_WARN_OBJC_ROOT_CLASS = YES_ERROR;
				CLANG_WARN_QUOTED_INCLUDE_IN_FRAMEWORK_HEADER = YES;
				CLANG_WARN_RANGE_LOOP_ANALYSIS = YES;
				CLANG_WARN_STRICT_PROTOTYPES = YES;
				CLANG_WARN_SUSPICIOUS_MOVE = YES;
				CLANG_WARN_UNGUARDED_AVAILABILITY = YES_AGGRESSIVE;
				CLANG_WARN_UNREACHABLE_CODE = YES;
				CLANG_WARN__DUPLICATE_METHOD_MATCH = YES;
				COPY_PHASE_STRIP = NO;
				DEBUG_INFORMATION_FORMAT = "dwarf-with-dsym";
				ENABLE_NS_ASSERTIONS = NO;
				ENABLE_STRICT_OBJC_MSGSEND = YES;
				GCC_C_LANGUAGE_STANDARD = gnu11;
				GCC_NO_COMMON_BLOCKS = YES;
				GCC_WARN_64_TO_32_BIT_CONVERSION = YES;
				GCC_WARN_ABOUT_RETURN_TYPE = YES_ERROR;
				GCC_WARN_UNDECLARED_SELECTOR = YES;
				GCC_WARN_UNINITIALIZED_AUTOS = YES_AGGRESSIVE;
				GCC_WARN_UNUSED_FUNCTION = YES;
				GCC_WARN_UNUSED_VARIABLE = YES;
				IPHONEOS_DEPLOYMENT_TARGET = 15.0;
				MTL_ENABLE_DEBUG_INFO = NO;
				MTL_FAST_MATH = YES;
				SDKROOT = iphoneos;
				SWIFT_COMPILATION_MODE = wholemodule;
				SWIFT_OPTIMIZATION_LEVEL = "-O";
				VALIDATE_PRODUCT = YES;
			};
			name = Release;
		};
		8B07E2A327541D3400808BF9 /* Debug */ = {
			isa = XCBuildConfiguration;
			buildSettings = {
				ASSETCATALOG_COMPILER_APPICON_NAME = AppIcon;
				ASSETCATALOG_COMPILER_GLOBAL_ACCENT_COLOR_NAME = AccentColor;
				CODE_SIGN_STYLE = Automatic;
				CURRENT_PROJECT_VERSION = 1;
				DEVELOPMENT_TEAM = 7ACUHP269Y;
				GENERATE_INFOPLIST_FILE = YES;
				INFOPLIST_FILE = Orballo/SupportingFiles/Info.plist;
				INFOPLIST_KEY_CFBundleDisplayName = Orballo;
				INFOPLIST_KEY_NSLocationAlwaysAndWhenInUseUsageDescription = "Get location for accurate weather information";
				INFOPLIST_KEY_NSLocationWhenInUseUsageDescription = "Get location for accurate weather information";
				INFOPLIST_KEY_UIApplicationSupportsIndirectInputEvents = YES;
				INFOPLIST_KEY_UILaunchStoryboardName = LaunchScreen;
				INFOPLIST_KEY_UISupportedInterfaceOrientations = "";
				INFOPLIST_KEY_UISupportedInterfaceOrientations_iPad = "UIInterfaceOrientationPortrait UIInterfaceOrientationPortraitUpsideDown UIInterfaceOrientationLandscapeLeft UIInterfaceOrientationLandscapeRight";
				INFOPLIST_KEY_UISupportedInterfaceOrientations_iPhone = "UIInterfaceOrientationPortrait UIInterfaceOrientationLandscapeLeft UIInterfaceOrientationLandscapeRight";
				LD_RUNPATH_SEARCH_PATHS = (
					"$(inherited)",
					"@executable_path/Frameworks",
				);
				MARKETING_VERSION = 1.0;
				PRODUCT_BUNDLE_IDENTIFIER = com.braiscastro.Orballo;
				PRODUCT_NAME = "$(TARGET_NAME)";
				SWIFT_EMIT_LOC_STRINGS = YES;
				SWIFT_VERSION = 5.0;
				TARGETED_DEVICE_FAMILY = 1;
			};
			name = Debug;
		};
		8B07E2A427541D3400808BF9 /* Release */ = {
			isa = XCBuildConfiguration;
			buildSettings = {
				ASSETCATALOG_COMPILER_APPICON_NAME = AppIcon;
				ASSETCATALOG_COMPILER_GLOBAL_ACCENT_COLOR_NAME = AccentColor;
				CODE_SIGN_STYLE = Automatic;
				CURRENT_PROJECT_VERSION = 1;
				DEVELOPMENT_TEAM = 7ACUHP269Y;
				GENERATE_INFOPLIST_FILE = YES;
				INFOPLIST_FILE = Orballo/SupportingFiles/Info.plist;
				INFOPLIST_KEY_CFBundleDisplayName = Orballo;
				INFOPLIST_KEY_NSLocationAlwaysAndWhenInUseUsageDescription = "Get location for accurate weather information";
				INFOPLIST_KEY_NSLocationWhenInUseUsageDescription = "Get location for accurate weather information";
				INFOPLIST_KEY_UIApplicationSupportsIndirectInputEvents = YES;
				INFOPLIST_KEY_UILaunchStoryboardName = LaunchScreen;
				INFOPLIST_KEY_UISupportedInterfaceOrientations = "";
				INFOPLIST_KEY_UISupportedInterfaceOrientations_iPad = "UIInterfaceOrientationPortrait UIInterfaceOrientationPortraitUpsideDown UIInterfaceOrientationLandscapeLeft UIInterfaceOrientationLandscapeRight";
				INFOPLIST_KEY_UISupportedInterfaceOrientations_iPhone = "UIInterfaceOrientationPortrait UIInterfaceOrientationLandscapeLeft UIInterfaceOrientationLandscapeRight";
				LD_RUNPATH_SEARCH_PATHS = (
					"$(inherited)",
					"@executable_path/Frameworks",
				);
				MARKETING_VERSION = 1.0;
				PRODUCT_BUNDLE_IDENTIFIER = com.braiscastro.Orballo;
				PRODUCT_NAME = "$(TARGET_NAME)";
				SWIFT_EMIT_LOC_STRINGS = YES;
				SWIFT_VERSION = 5.0;
				TARGETED_DEVICE_FAMILY = 1;
			};
			name = Release;
		};
		8B07E2A627541D3400808BF9 /* Debug */ = {
			isa = XCBuildConfiguration;
			buildSettings = {
				ALWAYS_EMBED_SWIFT_STANDARD_LIBRARIES = YES;
				BUNDLE_LOADER = "$(TEST_HOST)";
				CODE_SIGN_STYLE = Automatic;
				CURRENT_PROJECT_VERSION = 1;
				DEVELOPMENT_TEAM = 7ACUHP269Y;
				GENERATE_INFOPLIST_FILE = YES;
				IPHONEOS_DEPLOYMENT_TARGET = 15.0;
				LD_RUNPATH_SEARCH_PATHS = (
					"$(inherited)",
					"@executable_path/Frameworks",
					"@loader_path/Frameworks",
				);
				MARKETING_VERSION = 1.0;
				PRODUCT_BUNDLE_IDENTIFIER = com.braiscastro.OrballoTests;
				PRODUCT_NAME = "$(TARGET_NAME)";
				SWIFT_EMIT_LOC_STRINGS = NO;
				SWIFT_VERSION = 5.0;
				TARGETED_DEVICE_FAMILY = "1,2";
				TEST_HOST = "$(BUILT_PRODUCTS_DIR)/Orballo.app/Orballo";
			};
			name = Debug;
		};
		8B07E2A727541D3400808BF9 /* Release */ = {
			isa = XCBuildConfiguration;
			buildSettings = {
				ALWAYS_EMBED_SWIFT_STANDARD_LIBRARIES = YES;
				BUNDLE_LOADER = "$(TEST_HOST)";
				CODE_SIGN_STYLE = Automatic;
				CURRENT_PROJECT_VERSION = 1;
				DEVELOPMENT_TEAM = 7ACUHP269Y;
				GENERATE_INFOPLIST_FILE = YES;
				IPHONEOS_DEPLOYMENT_TARGET = 15.0;
				LD_RUNPATH_SEARCH_PATHS = (
					"$(inherited)",
					"@executable_path/Frameworks",
					"@loader_path/Frameworks",
				);
				MARKETING_VERSION = 1.0;
				PRODUCT_BUNDLE_IDENTIFIER = com.braiscastro.OrballoTests;
				PRODUCT_NAME = "$(TARGET_NAME)";
				SWIFT_EMIT_LOC_STRINGS = NO;
				SWIFT_VERSION = 5.0;
				TARGETED_DEVICE_FAMILY = "1,2";
				TEST_HOST = "$(BUILT_PRODUCTS_DIR)/Orballo.app/Orballo";
			};
			name = Release;
		};
		8B07E2A927541D3400808BF9 /* Debug */ = {
			isa = XCBuildConfiguration;
			buildSettings = {
				ALWAYS_EMBED_SWIFT_STANDARD_LIBRARIES = YES;
				CODE_SIGN_STYLE = Automatic;
				CURRENT_PROJECT_VERSION = 1;
				DEVELOPMENT_TEAM = 7ACUHP269Y;
				GENERATE_INFOPLIST_FILE = YES;
				LD_RUNPATH_SEARCH_PATHS = (
					"$(inherited)",
					"@executable_path/Frameworks",
					"@loader_path/Frameworks",
				);
				MARKETING_VERSION = 1.0;
				PRODUCT_BUNDLE_IDENTIFIER = com.braiscastro.OrballoUITests;
				PRODUCT_NAME = "$(TARGET_NAME)";
				SWIFT_EMIT_LOC_STRINGS = NO;
				SWIFT_VERSION = 5.0;
				TARGETED_DEVICE_FAMILY = "1,2";
				TEST_TARGET_NAME = Orballo;
			};
			name = Debug;
		};
		8B07E2AA27541D3400808BF9 /* Release */ = {
			isa = XCBuildConfiguration;
			buildSettings = {
				ALWAYS_EMBED_SWIFT_STANDARD_LIBRARIES = YES;
				CODE_SIGN_STYLE = Automatic;
				CURRENT_PROJECT_VERSION = 1;
				DEVELOPMENT_TEAM = 7ACUHP269Y;
				GENERATE_INFOPLIST_FILE = YES;
				LD_RUNPATH_SEARCH_PATHS = (
					"$(inherited)",
					"@executable_path/Frameworks",
					"@loader_path/Frameworks",
				);
				MARKETING_VERSION = 1.0;
				PRODUCT_BUNDLE_IDENTIFIER = com.braiscastro.OrballoUITests;
				PRODUCT_NAME = "$(TARGET_NAME)";
				SWIFT_EMIT_LOC_STRINGS = NO;
				SWIFT_VERSION = 5.0;
				TARGETED_DEVICE_FAMILY = "1,2";
				TEST_TARGET_NAME = Orballo;
			};
			name = Release;
		};
/* End XCBuildConfiguration section */

/* Begin XCConfigurationList section */
		8B07E27327541D3100808BF9 /* Build configuration list for PBXProject "Orballo" */ = {
			isa = XCConfigurationList;
			buildConfigurations = (
				8B07E2A027541D3400808BF9 /* Debug */,
				8B07E2A127541D3400808BF9 /* Release */,
			);
			defaultConfigurationIsVisible = 0;
			defaultConfigurationName = Release;
		};
		8B07E2A227541D3400808BF9 /* Build configuration list for PBXNativeTarget "Orballo" */ = {
			isa = XCConfigurationList;
			buildConfigurations = (
				8B07E2A327541D3400808BF9 /* Debug */,
				8B07E2A427541D3400808BF9 /* Release */,
			);
			defaultConfigurationIsVisible = 0;
			defaultConfigurationName = Release;
		};
		8B07E2A527541D3400808BF9 /* Build configuration list for PBXNativeTarget "OrballoTests" */ = {
			isa = XCConfigurationList;
			buildConfigurations = (
				8B07E2A627541D3400808BF9 /* Debug */,
				8B07E2A727541D3400808BF9 /* Release */,
			);
			defaultConfigurationIsVisible = 0;
			defaultConfigurationName = Release;
		};
		8B07E2A827541D3400808BF9 /* Build configuration list for PBXNativeTarget "OrballoUITests" */ = {
			isa = XCConfigurationList;
			buildConfigurations = (
				8B07E2A927541D3400808BF9 /* Debug */,
				8B07E2AA27541D3400808BF9 /* Release */,
			);
			defaultConfigurationIsVisible = 0;
			defaultConfigurationName = Release;
		};
/* End XCConfigurationList section */

/* Begin XCRemoteSwiftPackageReference section */
		8B6342BC275D82C900889BAC /* XCRemoteSwiftPackageReference "Alamofire" */ = {
			isa = XCRemoteSwiftPackageReference;
			repositoryURL = "https://github.com/Alamofire/Alamofire.git";
			requirement = {
				kind = exactVersion;
				version = 5.4.4;
			};
		};
/* End XCRemoteSwiftPackageReference section */

/* Begin XCSwiftPackageProductDependency section */
		8B6342BD275D82C900889BAC /* Alamofire */ = {
			isa = XCSwiftPackageProductDependency;
			package = 8B6342BC275D82C900889BAC /* XCRemoteSwiftPackageReference "Alamofire" */;
			productName = Alamofire;
		};
/* End XCSwiftPackageProductDependency section */

/* Begin XCVersionGroup section */
		8B2949D32759460900FDC625 /* Model.xcdatamodeld */ = {
			isa = XCVersionGroup;
			children = (
				8B2949D42759460900FDC625 /* Model.xcdatamodel */,
			);
			currentVersion = 8B2949D42759460900FDC625 /* Model.xcdatamodel */;
			path = Model.xcdatamodeld;
			sourceTree = "<group>";
			versionGroupType = wrapper.xcdatamodel;
		};
/* End XCVersionGroup section */
	};
	rootObject = 8B07E27027541D3100808BF9 /* Project object */;
}
