// !$*UTF8*$!
{
	archiveVersion = 1;
	classes = {
	};
	objectVersion = 55;
	objects = {

/* Begin PBXBuildFile section */
		8B07E27C27541D3200808BF9 /* AppDelegate.swift in Sources */ = {isa = PBXBuildFile; fileRef = 8B07E27B27541D3200808BF9 /* AppDelegate.swift */; };
		8B07E27E27541D3200808BF9 /* SceneDelegate.swift in Sources */ = {isa = PBXBuildFile; fileRef = 8B07E27D27541D3200808BF9 /* SceneDelegate.swift */; };
		8B07E28027541D3200808BF9 /* ViewController.swift in Sources */ = {isa = PBXBuildFile; fileRef = 8B07E27F27541D3200808BF9 /* ViewController.swift */; };
		8B07E28327541D3200808BF9 /* Main.storyboard in Resources */ = {isa = PBXBuildFile; fileRef = 8B07E28127541D3200808BF9 /* Main.storyboard */; };
		8B07E28527541D3400808BF9 /* Assets.xcassets in Resources */ = {isa = PBXBuildFile; fileRef = 8B07E28427541D3400808BF9 /* Assets.xcassets */; };
		8B07E28827541D3400808BF9 /* LaunchScreen.storyboard in Resources */ = {isa = PBXBuildFile; fileRef = 8B07E28627541D3400808BF9 /* LaunchScreen.storyboard */; };
		8B07E29327541D3400808BF9 /* OrballoTests.swift in Sources */ = {isa = PBXBuildFile; fileRef = 8B07E29227541D3400808BF9 /* OrballoTests.swift */; };
		8B07E29D27541D3400808BF9 /* OrballoUITests.swift in Sources */ = {isa = PBXBuildFile; fileRef = 8B07E29C27541D3400808BF9 /* OrballoUITests.swift */; };
		8B07E29F27541D3400808BF9 /* OrballoUITestsLaunchTests.swift in Sources */ = {isa = PBXBuildFile; fileRef = 8B07E29E27541D3400808BF9 /* OrballoUITestsLaunchTests.swift */; };
/* End PBXBuildFile section */

/* Begin PBXContainerItemProxy section */
		8B07E28F27541D3400808BF9 /* PBXContainerItemProxy */ = {
			isa = PBXContainerItemProxy;
			containerPortal = 8B07E27027541D3100808BF9 /* Project object */;
			proxyType = 1;
			remoteGlobalIDString = 8B07E27727541D3200808BF9;
			remoteInfo = Orballo;
		};
		8B07E29927541D3400808BF9 /* PBXContainerItemProxy */ = {
			isa = PBXContainerItemProxy;
			containerPortal = 8B07E27027541D3100808BF9 /* Project object */;
			proxyType = 1;
			remoteGlobalIDString = 8B07E27727541D3200808BF9;
			remoteInfo = Orballo;
		};
/* End PBXContainerItemProxy section */

/* Begin PBXFileReference section */
		8B07E27827541D3200808BF9 /* Orballo.app */ = {isa = PBXFileReference; explicitFileType = wrapper.application; includeInIndex = 0; path = Orballo.app; sourceTree = BUILT_PRODUCTS_DIR; };
		8B07E27B27541D3200808BF9 /* AppDelegate.swift */ = {isa = PBXFileReference; lastKnownFileType = sourcecode.swift; path = AppDelegate.swift; sourceTree = "<group>"; };
		8B07E27D27541D3200808BF9 /* SceneDelegate.swift */ = {isa = PBXFileReference; lastKnownFileType = sourcecode.swift; path = SceneDelegate.swift; sourceTree = "<group>"; };
		8B07E27F27541D3200808BF9 /* ViewController.swift */ = {isa = PBXFileReference; lastKnownFileType = sourcecode.swift; path = ViewController.swift; sourceTree = "<group>"; };
		8B07E28227541D3200808BF9 /* Base */ = {isa = PBXFileReference; lastKnownFileType = file.storyboard; name = Base; path = Base.lproj/Main.storyboard; sourceTree = "<group>"; };
		8B07E28427541D3400808BF9 /* Assets.xcassets */ = {isa = PBXFileReference; lastKnownFileType = folder.assetcatalog; path = Assets.xcassets; sourceTree = "<group>"; };
		8B07E28727541D3400808BF9 /* Base */ = {isa = PBXFileReference; lastKnownFileType = file.storyboard; name = Base; path = Base.lproj/LaunchScreen.storyboard; sourceTree = "<group>"; };
		8B07E28927541D3400808BF9 /* Info.plist */ = {isa = PBXFileReference; lastKnownFileType = text.plist.xml; path = Info.plist; sourceTree = "<group>"; };
		8B07E28E27541D3400808BF9 /* OrballoTests.xctest */ = {isa = PBXFileReference; explicitFileType = wrapper.cfbundle; includeInIndex = 0; path = OrballoTests.xctest; sourceTree = BUILT_PRODUCTS_DIR; };
		8B07E29227541D3400808BF9 /* OrballoTests.swift */ = {isa = PBXFileReference; lastKnownFileType = sourcecode.swift; path = OrballoTests.swift; sourceTree = "<group>"; };
		8B07E29827541D3400808BF9 /* OrballoUITests.xctest */ = {isa = PBXFileReference; explicitFileType = wrapper.cfbundle; includeInIndex = 0; path = OrballoUITests.xctest; sourceTree = BUILT_PRODUCTS_DIR; };
		8B07E29C27541D3400808BF9 /* OrballoUITests.swift */ = {isa = PBXFileReference; lastKnownFileType = sourcecode.swift; path = OrballoUITests.swift; sourceTree = "<group>"; };
		8B07E29E27541D3400808BF9 /* OrballoUITestsLaunchTests.swift */ = {isa = PBXFileReference; lastKnownFileType = sourcecode.swift; path = OrballoUITestsLaunchTests.swift; sourceTree = "<group>"; };
/* End PBXFileReference section */

/* Begin PBXFrameworksBuildPhase section */
		8B07E27527541D3200808BF9 /* Frameworks */ = {
			isa = PBXFrameworksBuildPhase;
			buildActionMask = 2147483647;
			files = (
			);
			runOnlyForDeploymentPostprocessing = 0;
		};
		8B07E28B27541D3400808BF9 /* Frameworks */ = {
			isa = PBXFrameworksBuildPhase;
			buildActionMask = 2147483647;
			files = (
			);
			runOnlyForDeploymentPostprocessing = 0;
		};
		8B07E29527541D3400808BF9 /* Frameworks */ = {
			isa = PBXFrameworksBuildPhase;
			buildActionMask = 2147483647;
			files = (
			);
			runOnlyForDeploymentPostprocessing = 0;
		};
/* End PBXFrameworksBuildPhase section */

/* Begin PBXGroup section */
		8B07E26F27541D3100808BF9 = {
			isa = PBXGroup;
			children = (
				8B07E27A27541D3200808BF9 /* Orballo */,
				8B07E29127541D3400808BF9 /* OrballoTests */,
				8B07E29B27541D3400808BF9 /* OrballoUITests */,
				8B07E27927541D3200808BF9 /* Products */,
			);
			sourceTree = "<group>";
		};
		8B07E27927541D3200808BF9 /* Products */ = {
			isa = PBXGroup;
			children = (
				8B07E27827541D3200808BF9 /* Orballo.app */,
				8B07E28E27541D3400808BF9 /* OrballoTests.xctest */,
				8B07E29827541D3400808BF9 /* OrballoUITests.xctest */,
			);
			name = Products;
			sourceTree = "<group>";
		};
		8B07E27A27541D3200808BF9 /* Orballo */ = {
			isa = PBXGroup;
			children = (
				8B07E27B27541D3200808BF9 /* AppDelegate.swift */,
				8B07E27D27541D3200808BF9 /* SceneDelegate.swift */,
				8B07E27F27541D3200808BF9 /* ViewController.swift */,
				8B07E28127541D3200808BF9 /* Main.storyboard */,
				8B07E28427541D3400808BF9 /* Assets.xcassets */,
				8B07E28627541D3400808BF9 /* LaunchScreen.storyboard */,
				8B07E28927541D3400808BF9 /* Info.plist */,
			);
			path = Orballo;
			sourceTree = "<group>";
		};
		8B07E29127541D3400808BF9 /* OrballoTests */ = {
			isa = PBXGroup;
			children = (
				8B07E29227541D3400808BF9 /* OrballoTests.swift */,
			);
			path = OrballoTests;
			sourceTree = "<group>";
		};
		8B07E29B27541D3400808BF9 /* OrballoUITests */ = {
			isa = PBXGroup;
			children = (
				8B07E29C27541D3400808BF9 /* OrballoUITests.swift */,
				8B07E29E27541D3400808BF9 /* OrballoUITestsLaunchTests.swift */,
			);
			path = OrballoUITests;
			sourceTree = "<group>";
		};
/* End PBXGroup section */

/* Begin PBXNativeTarget section */
		8B07E27727541D3200808BF9 /* Orballo */ = {
			isa = PBXNativeTarget;
			buildConfigurationList = 8B07E2A227541D3400808BF9 /* Build configuration list for PBXNativeTarget "Orballo" */;
			buildPhases = (
				8B07E27427541D3200808BF9 /* Sources */,
				8B07E27527541D3200808BF9 /* Frameworks */,
				8B07E27627541D3200808BF9 /* Resources */,
			);
			buildRules = (
			);
			dependencies = (
			);
			name = Orballo;
			productName = Orballo;
			productReference = 8B07E27827541D3200808BF9 /* Orballo.app */;
			productType = "com.apple.product-type.application";
		};
		8B07E28D27541D3400808BF9 /* OrballoTests */ = {
			isa = PBXNativeTarget;
			buildConfigurationList = 8B07E2A527541D3400808BF9 /* Build configuration list for PBXNativeTarget "OrballoTests" */;
			buildPhases = (
				8B07E28A27541D3400808BF9 /* Sources */,
				8B07E28B27541D3400808BF9 /* Frameworks */,
				8B07E28C27541D3400808BF9 /* Resources */,
			);
			buildRules = (
			);
			dependencies = (
				8B07E29027541D3400808BF9 /* PBXTargetDependency */,
			);
			name = OrballoTests;
			productName = OrballoTests;
			productReference = 8B07E28E27541D3400808BF9 /* OrballoTests.xctest */;
			productType = "com.apple.product-type.bundle.unit-test";
		};
		8B07E29727541D3400808BF9 /* OrballoUITests */ = {
			isa = PBXNativeTarget;
			buildConfigurationList = 8B07E2A827541D3400808BF9 /* Build configuration list for PBXNativeTarget "OrballoUITests" */;
			buildPhases = (
				8B07E29427541D3400808BF9 /* Sources */,
				8B07E29527541D3400808BF9 /* Frameworks */,
				8B07E29627541D3400808BF9 /* Resources */,
			);
			buildRules = (
			);
			dependencies = (
				8B07E29A27541D3400808BF9 /* PBXTargetDependency */,
			);
			name = OrballoUITests;
			productName = OrballoUITests;
			productReference = 8B07E29827541D3400808BF9 /* OrballoUITests.xctest */;
			productType = "com.apple.product-type.bundle.ui-testing";
		};
/* End PBXNativeTarget section */

/* Begin PBXProject section */
		8B07E27027541D3100808BF9 /* Project object */ = {
			isa = PBXProject;
			attributes = {
				BuildIndependentTargetsInParallel = 1;
				LastSwiftUpdateCheck = 1310;
				LastUpgradeCheck = 1310;
				TargetAttributes = {
					8B07E27727541D3200808BF9 = {
						CreatedOnToolsVersion = 13.1;
					};
					8B07E28D27541D3400808BF9 = {
						CreatedOnToolsVersion = 13.1;
						TestTargetID = 8B07E27727541D3200808BF9;
					};
					8B07E29727541D3400808BF9 = {
						CreatedOnToolsVersion = 13.1;
						TestTargetID = 8B07E27727541D3200808BF9;
					};
				};
			};
			buildConfigurationList = 8B07E27327541D3100808BF9 /* Build configuration list for PBXProject "Orballo" */;
			compatibilityVersion = "Xcode 13.0";
			developmentRegion = en;
			hasScannedForEncodings = 0;
			knownRegions = (
				en,
				Base,
			);
			mainGroup = 8B07E26F27541D3100808BF9;
			productRefGroup = 8B07E27927541D3200808BF9 /* Products */;
			projectDirPath = "";
			projectRoot = "";
			targets = (
				8B07E27727541D3200808BF9 /* Orballo */,
				8B07E28D27541D3400808BF9 /* OrballoTests */,
				8B07E29727541D3400808BF9 /* OrballoUITests */,
			);
		};
/* End PBXProject section */

/* Begin PBXResourcesBuildPhase section */
		8B07E27627541D3200808BF9 /* Resources */ = {
			isa = PBXResourcesBuildPhase;
			buildActionMask = 2147483647;
			files = (
				8B07E28827541D3400808BF9 /* LaunchScreen.storyboard in Resources */,
				8B07E28527541D3400808BF9 /* Assets.xcassets in Resources */,
				8B07E28327541D3200808BF9 /* Main.storyboard in Resources */,
			);
			runOnlyForDeploymentPostprocessing = 0;
		};
		8B07E28C27541D3400808BF9 /* Resources */ = {
			isa = PBXResourcesBuildPhase;
			buildActionMask = 2147483647;
			files = (
			);
			runOnlyForDeploymentPostprocessing = 0;
		};
		8B07E29627541D3400808BF9 /* Resources */ = {
			isa = PBXResourcesBuildPhase;
			buildActionMask = 2147483647;
			files = (
			);
			runOnlyForDeploymentPostprocessing = 0;
		};
/* End PBXResourcesBuildPhase section */

/* Begin PBXSourcesBuildPhase section */
		8B07E27427541D3200808BF9 /* Sources */ = {
			isa = PBXSourcesBuildPhase;
			buildActionMask = 2147483647;
			files = (
				8B07E28027541D3200808BF9 /* ViewController.swift in Sources */,
				8B07E27C27541D3200808BF9 /* AppDelegate.swift in Sources */,
				8B07E27E27541D3200808BF9 /* SceneDelegate.swift in Sources */,
			);
			runOnlyForDeploymentPostprocessing = 0;
		};
		8B07E28A27541D3400808BF9 /* Sources */ = {
			isa = PBXSourcesBuildPhase;
			buildActionMask = 2147483647;
			files = (
				8B07E29327541D3400808BF9 /* OrballoTests.swift in Sources */,
			);
			runOnlyForDeploymentPostprocessing = 0;
		};
		8B07E29427541D3400808BF9 /* Sources */ = {
			isa = PBXSourcesBuildPhase;
			buildActionMask = 2147483647;
			files = (
				8B07E29F27541D3400808BF9 /* OrballoUITestsLaunchTests.swift in Sources */,
				8B07E29D27541D3400808BF9 /* OrballoUITests.swift in Sources */,
			);
			runOnlyForDeploymentPostprocessing = 0;
		};
/* End PBXSourcesBuildPhase section */

/* Begin PBXTargetDependency section */
		8B07E29027541D3400808BF9 /* PBXTargetDependency */ = {
			isa = PBXTargetDependency;
			target = 8B07E27727541D3200808BF9 /* Orballo */;
			targetProxy = 8B07E28F27541D3400808BF9 /* PBXContainerItemProxy */;
		};
		8B07E29A27541D3400808BF9 /* PBXTargetDependency */ = {
			isa = PBXTargetDependency;
			target = 8B07E27727541D3200808BF9 /* Orballo */;
			targetProxy = 8B07E29927541D3400808BF9 /* PBXContainerItemProxy */;
		};
/* End PBXTargetDependency section */

/* Begin PBXVariantGroup section */
		8B07E28127541D3200808BF9 /* Main.storyboard */ = {
			isa = PBXVariantGroup;
			children = (
				8B07E28227541D3200808BF9 /* Base */,
			);
			name = Main.storyboard;
			sourceTree = "<group>";
		};
		8B07E28627541D3400808BF9 /* LaunchScreen.storyboard */ = {
			isa = PBXVariantGroup;
			children = (
				8B07E28727541D3400808BF9 /* Base */,
			);
			name = LaunchScreen.storyboard;
			sourceTree = "<group>";
		};
/* End PBXVariantGroup section */

/* Begin XCBuildConfiguration section */
		8B07E2A027541D3400808BF9 /* Debug */ = {
			isa = XCBuildConfiguration;
			buildSettings = {
				ALWAYS_SEARCH_USER_PATHS = NO;
				CLANG_ANALYZER_NONNULL = YES;
				CLANG_ANALYZER_NUMBER_OBJECT_CONVERSION = YES_AGGRESSIVE;
				CLANG_CXX_LANGUAGE_STANDARD = "gnu++17";
				CLANG_CXX_LIBRARY = "libc++";
				CLANG_ENABLE_MODULES = YES;
				CLANG_ENABLE_OBJC_ARC = YES;
				CLANG_ENABLE_OBJC_WEAK = YES;
				CLANG_WARN_BLOCK_CAPTURE_AUTORELEASING = YES;
				CLANG_WARN_BOOL_CONVERSION = YES;
				CLANG_WARN_COMMA = YES;
				CLANG_WARN_CONSTANT_CONVERSION = YES;
				CLANG_WARN_DEPRECATED_OBJC_IMPLEMENTATIONS = YES;
				CLANG_WARN_DIRECT_OBJC_ISA_USAGE = YES_ERROR;
				CLANG_WARN_DOCUMENTATION_COMMENTS = YES;
				CLANG_WARN_EMPTY_BODY = YES;
				CLANG_WARN_ENUM_CONVERSION = YES;
				CLANG_WARN_INFINITE_RECURSION = YES;
				CLANG_WARN_INT_CONVERSION = YES;
				CLANG_WARN_NON_LITERAL_NULL_CONVERSION = YES;
				CLANG_WARN_OBJC_IMPLICIT_RETAIN_SELF = YES;
				CLANG_WARN_OBJC_LITERAL_CONVERSION = YES;
				CLANG_WARN_OBJC_ROOT_CLASS = YES_ERROR;
				CLANG_WARN_QUOTED_INCLUDE_IN_FRAMEWORK_HEADER = YES;
				CLANG_WARN_RANGE_LOOP_ANALYSIS = YES;
				CLANG_WARN_STRICT_PROTOTYPES = YES;
				CLANG_WARN_SUSPICIOUS_MOVE = YES;
				CLANG_WARN_UNGUARDED_AVAILABILITY = YES_AGGRESSIVE;
				CLANG_WARN_UNREACHABLE_CODE = YES;
				CLANG_WARN__DUPLICATE_METHOD_MATCH = YES;
				COPY_PHASE_STRIP = NO;
				DEBUG_INFORMATION_FORMAT = dwarf;
				ENABLE_STRICT_OBJC_MSGSEND = YES;
				ENABLE_TESTABILITY = YES;
				GCC_C_LANGUAGE_STANDARD = gnu11;
				GCC_DYNAMIC_NO_PIC = NO;
				GCC_NO_COMMON_BLOCKS = YES;
				GCC_OPTIMIZATION_LEVEL = 0;
				GCC_PREPROCESSOR_DEFINITIONS = (
					"DEBUG=1",
					"$(inherited)",
				);
				GCC_WARN_64_TO_32_BIT_CONVERSION = YES;
				GCC_WARN_ABOUT_RETURN_TYPE = YES_ERROR;
				GCC_WARN_UNDECLARED_SELECTOR = YES;
				GCC_WARN_UNINITIALIZED_AUTOS = YES_AGGRESSIVE;
				GCC_WARN_UNUSED_FUNCTION = YES;
				GCC_WARN_UNUSED_VARIABLE = YES;
				IPHONEOS_DEPLOYMENT_TARGET = 15.0;
				MTL_ENABLE_DEBUG_INFO = INCLUDE_SOURCE;
				MTL_FAST_MATH = YES;
				ONLY_ACTIVE_ARCH = YES;
				SDKROOT = iphoneos;
				SWIFT_ACTIVE_COMPILATION_CONDITIONS = DEBUG;
				SWIFT_OPTIMIZATION_LEVEL = "-Onone";
			};
			name = Debug;
		};
		8B07E2A127541D3400808BF9 /* Release */ = {
			isa = XCBuildConfiguration;
			buildSettings = {
				ALWAYS_SEARCH_USER_PATHS = NO;
				CLANG_ANALYZER_NONNULL = YES;
				CLANG_ANALYZER_NUMBER_OBJECT_CONVERSION = YES_AGGRESSIVE;
				CLANG_CXX_LANGUAGE_STANDARD = "gnu++17";
				CLANG_CXX_LIBRARY = "libc++";
				CLANG_ENABLE_MODULES = YES;
				CLANG_ENABLE_OBJC_ARC = YES;
				CLANG_ENABLE_OBJC_WEAK = YES;
				CLANG_WARN_BLOCK_CAPTURE_AUTORELEASING = YES;
				CLANG_WARN_BOOL_CONVERSION = YES;
				CLANG_WARN_COMMA = YES;
				CLANG_WARN_CONSTANT_CONVERSION = YES;
				CLANG_WARN_DEPRECATED_OBJC_IMPLEMENTATIONS = YES;
				CLANG_WARN_DIRECT_OBJC_ISA_USAGE = YES_ERROR;
				CLANG_WARN_DOCUMENTATION_COMMENTS = YES;
				CLANG_WARN_EMPTY_BODY = YES;
				CLANG_WARN_ENUM_CONVERSION = YES;
				CLANG_WARN_INFINITE_RECURSION = YES;
				CLANG_WARN_INT_CONVERSION = YES;
				CLANG_WARN_NON_LITERAL_NULL_CONVERSION = YES;
				CLANG_WARN_OBJC_IMPLICIT_RETAIN_SELF = YES;
				CLANG_WARN_OBJC_LITERAL_CONVERSION = YES;
				CLANG_WARN_OBJC_ROOT_CLASS = YES_ERROR;
				CLANG_WARN_QUOTED_INCLUDE_IN_FRAMEWORK_HEADER = YES;
				CLANG_WARN_RANGE_LOOP_ANALYSIS = YES;
				CLANG_WARN_STRICT_PROTOTYPES = YES;
				CLANG_WARN_SUSPICIOUS_MOVE = YES;
				CLANG_WARN_UNGUARDED_AVAILABILITY = YES_AGGRESSIVE;
				CLANG_WARN_UNREACHABLE_CODE = YES;
				CLANG_WARN__DUPLICATE_METHOD_MATCH = YES;
				COPY_PHASE_STRIP = NO;
				DEBUG_INFORMATION_FORMAT = "dwarf-with-dsym";
				ENABLE_NS_ASSERTIONS = NO;
				ENABLE_STRICT_OBJC_MSGSEND = YES;
				GCC_C_LANGUAGE_STANDARD = gnu11;
				GCC_NO_COMMON_BLOCKS = YES;
				GCC_WARN_64_TO_32_BIT_CONVERSION = YES;
				GCC_WARN_ABOUT_RETURN_TYPE = YES_ERROR;
				GCC_WARN_UNDECLARED_SELECTOR = YES;
				GCC_WARN_UNINITIALIZED_AUTOS = YES_AGGRESSIVE;
				GCC_WARN_UNUSED_FUNCTION = YES;
				GCC_WARN_UNUSED_VARIABLE = YES;
				IPHONEOS_DEPLOYMENT_TARGET = 15.0;
				MTL_ENABLE_DEBUG_INFO = NO;
				MTL_FAST_MATH = YES;
				SDKROOT = iphoneos;
				SWIFT_COMPILATION_MODE = wholemodule;
				SWIFT_OPTIMIZATION_LEVEL = "-O";
				VALIDATE_PRODUCT = YES;
			};
			name = Release;
		};
		8B07E2A327541D3400808BF9 /* Debug */ = {
			isa = XCBuildConfiguration;
			buildSettings = {
				ASSETCATALOG_COMPILER_APPICON_NAME = AppIcon;
				ASSETCATALOG_COMPILER_GLOBAL_ACCENT_COLOR_NAME = AccentColor;
				CODE_SIGN_STYLE = Automatic;
				CURRENT_PROJECT_VERSION = 1;
				DEVELOPMENT_TEAM = 7ACUHP269Y;
				GENERATE_INFOPLIST_FILE = YES;
				INFOPLIST_FILE = Orballo/Info.plist;
				INFOPLIST_KEY_UIApplicationSupportsIndirectInputEvents = YES;
				INFOPLIST_KEY_UILaunchStoryboardName = LaunchScreen;
				INFOPLIST_KEY_UIMainStoryboardFile = Main;
				INFOPLIST_KEY_UISupportedInterfaceOrientations_iPad = "UIInterfaceOrientationPortrait UIInterfaceOrientationPortraitUpsideDown UIInterfaceOrientationLandscapeLeft UIInterfaceOrientationLandscapeRight";
				INFOPLIST_KEY_UISupportedInterfaceOrientations_iPhone = "UIInterfaceOrientationPortrait UIInterfaceOrientationLandscapeLeft UIInterfaceOrientationLandscapeRight";
				LD_RUNPATH_SEARCH_PATHS = (
					"$(inherited)",
					"@executable_path/Frameworks",
				);
				MARKETING_VERSION = 1.0;
				PRODUCT_BUNDLE_IDENTIFIER = com.braiscastro.Orballo;
				PRODUCT_NAME = "$(TARGET_NAME)";
				SWIFT_EMIT_LOC_STRINGS = YES;
				SWIFT_VERSION = 5.0;
				TARGETED_DEVICE_FAMILY = "1,2";
			};
			name = Debug;
		};
		8B07E2A427541D3400808BF9 /* Release */ = {
			isa = XCBuildConfiguration;
			buildSettings = {
				ASSETCATALOG_COMPILER_APPICON_NAME = AppIcon;
				ASSETCATALOG_COMPILER_GLOBAL_ACCENT_COLOR_NAME = AccentColor;
				CODE_SIGN_STYLE = Automatic;
				CURRENT_PROJECT_VERSION = 1;
				DEVELOPMENT_TEAM = 7ACUHP269Y;
				GENERATE_INFOPLIST_FILE = YES;
				INFOPLIST_FILE = Orballo/Info.plist;
				INFOPLIST_KEY_UIApplicationSupportsIndirectInputEvents = YES;
				INFOPLIST_KEY_UILaunchStoryboardName = LaunchScreen;
				INFOPLIST_KEY_UIMainStoryboardFile = Main;
				INFOPLIST_KEY_UISupportedInterfaceOrientations_iPad = "UIInterfaceOrientationPortrait UIInterfaceOrientationPortraitUpsideDown UIInterfaceOrientationLandscapeLeft UIInterfaceOrientationLandscapeRight";
				INFOPLIST_KEY_UISupportedInterfaceOrientations_iPhone = "UIInterfaceOrientationPortrait UIInterfaceOrientationLandscapeLeft UIInterfaceOrientationLandscapeRight";
				LD_RUNPATH_SEARCH_PATHS = (
					"$(inherited)",
					"@executable_path/Frameworks",
				);
				MARKETING_VERSION = 1.0;
				PRODUCT_BUNDLE_IDENTIFIER = com.braiscastro.Orballo;
				PRODUCT_NAME = "$(TARGET_NAME)";
				SWIFT_EMIT_LOC_STRINGS = YES;
				SWIFT_VERSION = 5.0;
				TARGETED_DEVICE_FAMILY = "1,2";
			};
			name = Release;
		};
		8B07E2A627541D3400808BF9 /* Debug */ = {
			isa = XCBuildConfiguration;
			buildSettings = {
				ALWAYS_EMBED_SWIFT_STANDARD_LIBRARIES = YES;
				BUNDLE_LOADER = "$(TEST_HOST)";
				CODE_SIGN_STYLE = Automatic;
				CURRENT_PROJECT_VERSION = 1;
				DEVELOPMENT_TEAM = 7ACUHP269Y;
				GENERATE_INFOPLIST_FILE = YES;
				IPHONEOS_DEPLOYMENT_TARGET = 15.0;
				LD_RUNPATH_SEARCH_PATHS = (
					"$(inherited)",
					"@executable_path/Frameworks",
					"@loader_path/Frameworks",
				);
				MARKETING_VERSION = 1.0;
				PRODUCT_BUNDLE_IDENTIFIER = com.braiscastro.OrballoTests;
				PRODUCT_NAME = "$(TARGET_NAME)";
				SWIFT_EMIT_LOC_STRINGS = NO;
				SWIFT_VERSION = 5.0;
				TARGETED_DEVICE_FAMILY = "1,2";
				TEST_HOST = "$(BUILT_PRODUCTS_DIR)/Orballo.app/Orballo";
			};
			name = Debug;
		};
		8B07E2A727541D3400808BF9 /* Release */ = {
			isa = XCBuildConfiguration;
			buildSettings = {
				ALWAYS_EMBED_SWIFT_STANDARD_LIBRARIES = YES;
				BUNDLE_LOADER = "$(TEST_HOST)";
				CODE_SIGN_STYLE = Automatic;
				CURRENT_PROJECT_VERSION = 1;
				DEVELOPMENT_TEAM = 7ACUHP269Y;
				GENERATE_INFOPLIST_FILE = YES;
				IPHONEOS_DEPLOYMENT_TARGET = 15.0;
				LD_RUNPATH_SEARCH_PATHS = (
					"$(inherited)",
					"@executable_path/Frameworks",
					"@loader_path/Frameworks",
				);
				MARKETING_VERSION = 1.0;
				PRODUCT_BUNDLE_IDENTIFIER = com.braiscastro.OrballoTests;
				PRODUCT_NAME = "$(TARGET_NAME)";
				SWIFT_EMIT_LOC_STRINGS = NO;
				SWIFT_VERSION = 5.0;
				TARGETED_DEVICE_FAMILY = "1,2";
				TEST_HOST = "$(BUILT_PRODUCTS_DIR)/Orballo.app/Orballo";
			};
			name = Release;
		};
		8B07E2A927541D3400808BF9 /* Debug */ = {
			isa = XCBuildConfiguration;
			buildSettings = {
				ALWAYS_EMBED_SWIFT_STANDARD_LIBRARIES = YES;
				CODE_SIGN_STYLE = Automatic;
				CURRENT_PROJECT_VERSION = 1;
				DEVELOPMENT_TEAM = 7ACUHP269Y;
				GENERATE_INFOPLIST_FILE = YES;
				LD_RUNPATH_SEARCH_PATHS = (
					"$(inherited)",
					"@executable_path/Frameworks",
					"@loader_path/Frameworks",
				);
				MARKETING_VERSION = 1.0;
				PRODUCT_BUNDLE_IDENTIFIER = com.braiscastro.OrballoUITests;
				PRODUCT_NAME = "$(TARGET_NAME)";
				SWIFT_EMIT_LOC_STRINGS = NO;
				SWIFT_VERSION = 5.0;
				TARGETED_DEVICE_FAMILY = "1,2";
				TEST_TARGET_NAME = Orballo;
			};
			name = Debug;
		};
		8B07E2AA27541D3400808BF9 /* Release */ = {
			isa = XCBuildConfiguration;
			buildSettings = {
				ALWAYS_EMBED_SWIFT_STANDARD_LIBRARIES = YES;
				CODE_SIGN_STYLE = Automatic;
				CURRENT_PROJECT_VERSION = 1;
				DEVELOPMENT_TEAM = 7ACUHP269Y;
				GENERATE_INFOPLIST_FILE = YES;
				LD_RUNPATH_SEARCH_PATHS = (
					"$(inherited)",
					"@executable_path/Frameworks",
					"@loader_path/Frameworks",
				);
				MARKETING_VERSION = 1.0;
				PRODUCT_BUNDLE_IDENTIFIER = com.braiscastro.OrballoUITests;
				PRODUCT_NAME = "$(TARGET_NAME)";
				SWIFT_EMIT_LOC_STRINGS = NO;
				SWIFT_VERSION = 5.0;
				TARGETED_DEVICE_FAMILY = "1,2";
				TEST_TARGET_NAME = Orballo;
			};
			name = Release;
		};
/* End XCBuildConfiguration section */

/* Begin XCConfigurationList section */
		8B07E27327541D3100808BF9 /* Build configuration list for PBXProject "Orballo" */ = {
			isa = XCConfigurationList;
			buildConfigurations = (
				8B07E2A027541D3400808BF9 /* Debug */,
				8B07E2A127541D3400808BF9 /* Release */,
			);
			defaultConfigurationIsVisible = 0;
			defaultConfigurationName = Release;
		};
		8B07E2A227541D3400808BF9 /* Build configuration list for PBXNativeTarget "Orballo" */ = {
			isa = XCConfigurationList;
			buildConfigurations = (
				8B07E2A327541D3400808BF9 /* Debug */,
				8B07E2A427541D3400808BF9 /* Release */,
			);
			defaultConfigurationIsVisible = 0;
			defaultConfigurationName = Release;
		};
		8B07E2A527541D3400808BF9 /* Build configuration list for PBXNativeTarget "OrballoTests" */ = {
			isa = XCConfigurationList;
			buildConfigurations = (
				8B07E2A627541D3400808BF9 /* Debug */,
				8B07E2A727541D3400808BF9 /* Release */,
			);
			defaultConfigurationIsVisible = 0;
			defaultConfigurationName = Release;
		};
		8B07E2A827541D3400808BF9 /* Build configuration list for PBXNativeTarget "OrballoUITests" */ = {
			isa = XCConfigurationList;
			buildConfigurations = (
				8B07E2A927541D3400808BF9 /* Debug */,
				8B07E2AA27541D3400808BF9 /* Release */,
			);
			defaultConfigurationIsVisible = 0;
			defaultConfigurationName = Release;
		};
/* End XCConfigurationList section */
	};
	rootObject = 8B07E27027541D3100808BF9 /* Project object */;
}
